lockfileVersion: '6.0'

dependencies:
  ssri:
    specifier: ^10.0.3
    version: 10.0.3

packages:

  /minipass@4.2.8:
    resolution: {integrity: sha512-fNzuVyifolSLFL4NzpF+wEF4qrgqaaKX0haXPQEdQ7NKAN+WecoKMHV09YcuL/DHxrUsYQOK3MiuDf7Ip2OXfQ==}
    engines: {node: '>=8'}
    dev: false

  /ssri@10.0.3:
    resolution: {integrity: sha512-lJtX/BFPI/VEtxZmLfeh7pzisIs6micwZ3eruD3+ds9aPsXKlYpwDS2Q7omD6WC42WO9+bnUSzlMmfv8uK8meg==}
    engines: {node: ^14.17.0 || ^16.13.0 || >=18.0.0}
    dependencies:
      minipass: 4.2.8
    dev: false
